<?xml version="1.0" encoding="utf-8"?>
<Project ToolsVersion="4.0" xmlns="http://schemas.microsoft.com/developer/msbuild/2003">
  <ItemGroup>
    <Filter Include="ソース ファイル">
      <UniqueIdentifier>{4FC737F1-C7A5-4376-A066-2A32D752A2FF}</UniqueIdentifier>
      <Extensions>cpp;c;cc;cxx;c++;cppm;ixx;def;odl;idl;hpj;bat;asm;asmx</Extensions>
    </Filter>
    <Filter Include="ヘッダー ファイル">
      <UniqueIdentifier>{93995380-89BD-4b04-88EB-625FBE52EBFB}</UniqueIdentifier>
      <Extensions>h;hh;hpp;hxx;h++;hm;inl;inc;ipp;xsd</Extensions>
    </Filter>
    <Filter Include="ソース ファイル\MyEngine">
      <UniqueIdentifier>{9bb88e2a-6a5b-4fff-bba2-e28f94db2a6a}</UniqueIdentifier>
    </Filter>
    <Filter Include="ソース ファイル\MyEngine\Physics">
      <UniqueIdentifier>{6e416122-7c81-431a-aa15-5de52322ebe4}</UniqueIdentifier>
    </Filter>
    <Filter Include="ソース ファイル\MyEngine\Utility">
      <UniqueIdentifier>{94d9998f-08c6-4c1b-a65e-29effb60ffe7}</UniqueIdentifier>
    </Filter>
    <Filter Include="ソース ファイル\Scene">
      <UniqueIdentifier>{bf1c5de7-6815-4eae-bbe5-299d951e0f95}</UniqueIdentifier>
    </Filter>
    <Filter Include="ヘッダー ファイル\MyEngine">
      <UniqueIdentifier>{de1114f5-d2dc-4a73-803d-8b7e559bb28d}</UniqueIdentifier>
    </Filter>
    <Filter Include="ヘッダー ファイル\Scene">
      <UniqueIdentifier>{253714e5-2c80-4d70-a1e2-786ba1b1aaed}</UniqueIdentifier>
    </Filter>
    <Filter Include="リソース ファイル">
      <UniqueIdentifier>{67DA6AB6-F800-4c08-8B7A-83BB121AAD01}</UniqueIdentifier>
      <Extensions>rc;ico;cur;bmp;dlg;rc2;rct;bin;rgs;gif;jpg;jpeg;jpe;resx;tiff;tif;png;wav;mfcribbon-ms</Extensions>
    </Filter>
    <Filter Include="ヘッダー ファイル\MyEngine\Utility">
      <UniqueIdentifier>{8646aafd-e412-4fe5-b500-261f9be9065e}</UniqueIdentifier>
    </Filter>
    <Filter Include="ヘッダー ファイル\MyEngine\Physics">
      <UniqueIdentifier>{0856b894-2454-45d7-a946-a063271ce0f8}</UniqueIdentifier>
    </Filter>
    <Filter Include="ソース ファイル\Actor">
      <UniqueIdentifier>{9c944d22-d69b-4a71-b359-0cabcadf3f1a}</UniqueIdentifier>
    </Filter>
    <Filter Include="ソース ファイル\Actor\Character">
      <UniqueIdentifier>{01896447-5024-4306-ab04-d8fb18abe071}</UniqueIdentifier>
    </Filter>
    <Filter Include="ソース ファイル\Actor\Character\Player">
      <UniqueIdentifier>{f1ea87a8-d432-410e-b072-0c6396947051}</UniqueIdentifier>
    </Filter>
    <Filter Include="ソース ファイル\Actor\Character\Enemy">
      <UniqueIdentifier>{0618220f-550e-4f51-a495-662bbdb0a9ce}</UniqueIdentifier>
    </Filter>
    <Filter Include="ヘッダー ファイル\Actor">
      <UniqueIdentifier>{fb8c5dd9-7513-43b6-9a51-2395d1893458}</UniqueIdentifier>
    </Filter>
    <Filter Include="ヘッダー ファイル\Actor\Character">
      <UniqueIdentifier>{acf81256-c178-4f35-9093-aaff601dcede}</UniqueIdentifier>
    </Filter>
    <Filter Include="ヘッダー ファイル\Actor\Character\Enemy">
      <UniqueIdentifier>{31d9bf2c-74f9-4389-ae01-04af3796eebd}</UniqueIdentifier>
    </Filter>
    <Filter Include="ヘッダー ファイル\Actor\Character\Player">
      <UniqueIdentifier>{57153e97-fbfe-45c7-8b8e-17095ea49725}</UniqueIdentifier>
    </Filter>
  </ItemGroup>
  <ItemGroup>
    <ClCompile Include="Main.cpp">
      <Filter>ソース ファイル</Filter>
    </ClCompile>
    <ClCompile Include="MyEngine\Physics\CapsuleColliderData.cpp">
      <Filter>ソース ファイル\MyEngine\Physics</Filter>
    </ClCompile>
    <ClCompile Include="MyEngine\Physics\Collidable.cpp">
      <Filter>ソース ファイル\MyEngine\Physics</Filter>
    </ClCompile>
    <ClCompile Include="MyEngine\Physics\Physics.cpp">
      <Filter>ソース ファイル\MyEngine\Physics</Filter>
    </ClCompile>
    <ClCompile Include="MyEngine\Physics\Rigidbody.cpp">
      <Filter>ソース ファイル\MyEngine\Physics</Filter>
    </ClCompile>
    <ClCompile Include="MyEngine\Physics\SphereColliderData.cpp">
      <Filter>ソース ファイル\MyEngine\Physics</Filter>
    </ClCompile>
    <ClCompile Include="MyEngine\Utility\Input.cpp">
      <Filter>ソース ファイル\MyEngine\Utility</Filter>
    </ClCompile>
    <ClCompile Include="MyEngine\Utility\LoadCsv.cpp">
      <Filter>ソース ファイル\MyEngine\Utility</Filter>
    </ClCompile>
    <ClCompile Include="MyEngine\Utility\Vector2.cpp">
      <Filter>ソース ファイル\MyEngine\Utility</Filter>
    </ClCompile>
    <ClCompile Include="MyEngine\Utility\Vector3.cpp">
      <Filter>ソース ファイル\MyEngine\Utility</Filter>
    </ClCompile>
    <ClCompile Include="Scene\SceneBase.cpp">
      <Filter>ソース ファイル\Scene</Filter>
    </ClCompile>
    <ClCompile Include="Scene\SceneManager.cpp">
      <Filter>ソース ファイル\Scene</Filter>
    </ClCompile>
    <ClCompile Include="Scene\SceneTitle.cpp">
      <Filter>ソース ファイル\Scene</Filter>
    </ClCompile>
    <ClCompile Include="Scene\SceneGame.cpp">
      <Filter>ソース ファイル\Scene</Filter>
    </ClCompile>
    <ClCompile Include="Scene\SceneMenu.cpp">
      <Filter>ソース ファイル\Scene</Filter>
    </ClCompile>
    <ClCompile Include="Scene\SceneSelect.cpp">
      <Filter>ソース ファイル\Scene</Filter>
    </ClCompile>
    <ClCompile Include="GraphManager.cpp">
      <Filter>ソース ファイル</Filter>
    </ClCompile>
    <ClCompile Include="MyEngine\Utility\Matrix.cpp">
      <Filter>ソース ファイル\MyEngine\Utility</Filter>
    </ClCompile>
    <ClCompile Include="MyEngine\Utility\LocalPos.cpp">
      <Filter>ソース ファイル\MyEngine\Utility</Filter>
    </ClCompile>
    <ClCompile Include="GameCamera.cpp">
      <Filter>ソース ファイル</Filter>
    </ClCompile>
    <ClCompile Include="GameManager.cpp">
      <Filter>ソース ファイル</Filter>
    </ClCompile>
    <ClCompile Include="Actor\Character\Player\PlayerStateRush.cpp">
      <Filter>ソース ファイル\Actor\Character\Player</Filter>
    </ClCompile>
    <ClCompile Include="Actor\Character\Player\Player.cpp">
      <Filter>ソース ファイル\Actor\Character\Player</Filter>
    </ClCompile>
    <ClCompile Include="Actor\Character\Player\PlayerStateNormalAttack.cpp">
      <Filter>ソース ファイル\Actor\Character\Player</Filter>
    </ClCompile>
    <ClCompile Include="Actor\Character\Player\PlayerStateBase.cpp">
      <Filter>ソース ファイル\Actor\Character\Player</Filter>
    </ClCompile>
    <ClCompile Include="Actor\Character\Player\PlayerStateButtonBashing.cpp">
      <Filter>ソース ファイル\Actor\Character\Player</Filter>
    </ClCompile>
    <ClCompile Include="Actor\Character\Player\PlayerStateGuard.cpp">
      <Filter>ソース ファイル\Actor\Character\Player</Filter>
    </ClCompile>
    <ClCompile Include="Actor\Character\Player\PlayerStateHitAttack.cpp">
      <Filter>ソース ファイル\Actor\Character\Player</Filter>
    </ClCompile>
    <ClCompile Include="Actor\Character\Player\PlayerStateIdle.cpp">
      <Filter>ソース ファイル\Actor\Character\Player</Filter>
    </ClCompile>
    <ClCompile Include="Actor\Character\Player\PlayerStateMove.cpp">
      <Filter>ソース ファイル\Actor\Character\Player</Filter>
    </ClCompile>
    <ClCompile Include="Actor\Character\Enemy\Enemy.cpp">
      <Filter>ソース ファイル\Actor\Character\Enemy</Filter>
    </ClCompile>
    <ClCompile Include="Actor\Character\CharacterBase.cpp">
      <Filter>ソース ファイル\Actor\Character</Filter>
    </ClCompile>
    <ClCompile Include="Actor\Character\CharacterStateBase.cpp">
      <Filter>ソース ファイル\Actor\Character</Filter>
    </ClCompile>
    <ClCompile Include="Actor\StateBase.cpp">
      <Filter>ソース ファイル\Actor</Filter>
    </ClCompile>
    <ClCompile Include="Actor\Actor.cpp">
      <Filter>ソース ファイル\Actor</Filter>
    </ClCompile>
    <ClCompile Include="Actor\Character\Enemy\EnemyStateAttack.cpp">
      <Filter>ソース ファイル\Actor\Character\Enemy</Filter>
    </ClCompile>
    <ClCompile Include="Actor\Character\Enemy\EnemyStateBase.cpp">
      <Filter>ソース ファイル\Actor\Character\Enemy</Filter>
    </ClCompile>
    <ClCompile Include="Actor\Character\Enemy\EnemyStateButtonBashing.cpp">
      <Filter>ソース ファイル\Actor\Character\Enemy</Filter>
    </ClCompile>
    <ClCompile Include="Actor\Character\Enemy\EnemyStateGuard.cpp">
      <Filter>ソース ファイル\Actor\Character\Enemy</Filter>
    </ClCompile>
    <ClCompile Include="Actor\Character\Enemy\EnemyStateHitAttack.cpp">
      <Filter>ソース ファイル\Actor\Character\Enemy</Filter>
    </ClCompile>
    <ClCompile Include="Actor\Character\Enemy\EnemyStateIdle.cpp">
      <Filter>ソース ファイル\Actor\Character\Enemy</Filter>
    </ClCompile>
    <ClCompile Include="Actor\Character\Enemy\EnemyStateMove.cpp">
      <Filter>ソース ファイル\Actor\Character\Enemy</Filter>
    </ClCompile>
    <ClCompile Include="Actor\Character\Enemy\EnemyStateRush.cpp">
      <Filter>ソース ファイル\Actor\Character\Enemy</Filter>
    </ClCompile>
    <ClCompile Include="Attack.cpp">
      <Filter>ソース ファイル</Filter>
    </ClCompile>
    <ClCompile Include="PlayerStateSpecialAttack.cpp">
      <Filter>ソース ファイル\Actor\Character\Player</Filter>
    </ClCompile>
    <ClCompile Include="Stage.cpp">
      <Filter>ソース ファイル</Filter>
    </ClCompile>
    <ClCompile Include="PlayerStateJump.cpp">
      <Filter>ソース ファイル\Actor\Character\Player</Filter>
    </ClCompile>
  </ItemGroup>
  <ItemGroup>
    <ClInclude Include="Game.h">
      <Filter>ヘッダー ファイル</Filter>
    </ClInclude>
    <ClInclude Include="Scene\SceneBase.h">
      <Filter>ヘッダー ファイル\Scene</Filter>
    </ClInclude>
    <ClInclude Include="Scene\SceneGame.h">
      <Filter>ヘッダー ファイル\Scene</Filter>
    </ClInclude>
    <ClInclude Include="Scene\SceneManager.h">
      <Filter>ヘッダー ファイル\Scene</Filter>
    </ClInclude>
    <ClInclude Include="Scene\SceneTitle.h">
      <Filter>ヘッダー ファイル\Scene</Filter>
    </ClInclude>
    <ClInclude Include="Scene\SceneMenu.h">
      <Filter>ヘッダー ファイル\Scene</Filter>
    </ClInclude>
    <ClInclude Include="Scene\SceneSelect.h">
      <Filter>ヘッダー ファイル\Scene</Filter>
    </ClInclude>
    <ClInclude Include="GraphManager.h">
      <Filter>ヘッダー ファイル</Filter>
    </ClInclude>
    <ClInclude Include="MyEngine\Physics\CapsuleColliderData.h">
      <Filter>ヘッダー ファイル\MyEngine\Physics</Filter>
    </ClInclude>
    <ClInclude Include="MyEngine\Physics\Collidable.h">
      <Filter>ヘッダー ファイル\MyEngine\Physics</Filter>
    </ClInclude>
    <ClInclude Include="MyEngine\Physics\ColliderData.h">
      <Filter>ヘッダー ファイル\MyEngine\Physics</Filter>
    </ClInclude>
    <ClInclude Include="MyEngine\Physics\ObjectTag.h">
      <Filter>ヘッダー ファイル\MyEngine\Physics</Filter>
    </ClInclude>
    <ClInclude Include="MyEngine\Physics\Physics.h">
      <Filter>ヘッダー ファイル\MyEngine\Physics</Filter>
    </ClInclude>
    <ClInclude Include="MyEngine\Physics\Rigidbody.h">
      <Filter>ヘッダー ファイル\MyEngine\Physics</Filter>
    </ClInclude>
    <ClInclude Include="MyEngine\Physics\SphereColliderData.h">
      <Filter>ヘッダー ファイル\MyEngine\Physics</Filter>
    </ClInclude>
    <ClInclude Include="MyEngine\Utility\Input.h">
      <Filter>ヘッダー ファイル\MyEngine\Utility</Filter>
    </ClInclude>
    <ClInclude Include="MyEngine\Utility\LoadCsv.h">
      <Filter>ヘッダー ファイル\MyEngine\Utility</Filter>
    </ClInclude>
    <ClInclude Include="MyEngine\Utility\LocalPos.h">
      <Filter>ヘッダー ファイル\MyEngine\Utility</Filter>
    </ClInclude>
    <ClInclude Include="MyEngine\Utility\Matrix.h">
      <Filter>ヘッダー ファイル\MyEngine\Utility</Filter>
    </ClInclude>
    <ClInclude Include="MyEngine\Utility\Vector2.h">
      <Filter>ヘッダー ファイル\MyEngine\Utility</Filter>
    </ClInclude>
    <ClInclude Include="MyEngine\Utility\Vector3.h">
      <Filter>ヘッダー ファイル\MyEngine\Utility</Filter>
    </ClInclude>
    <ClInclude Include="GameCamera.h">
      <Filter>ヘッダー ファイル</Filter>
    </ClInclude>
    <ClInclude Include="GameManager.h">
      <Filter>ヘッダー ファイル</Filter>
    </ClInclude>
    <ClInclude Include="resource.h">
      <Filter>ヘッダー ファイル</Filter>
    </ClInclude>
    <ClInclude Include="Actor\Character\Player\Player.h">
      <Filter>ヘッダー ファイル\Actor\Character\Player</Filter>
    </ClInclude>
    <ClInclude Include="Actor\Character\Player\PlayerStateNormalAttack.h">
      <Filter>ヘッダー ファイル\Actor\Character\Player</Filter>
    </ClInclude>
    <ClInclude Include="Actor\Character\Player\PlayerStateBase.h">
      <Filter>ヘッダー ファイル\Actor\Character\Player</Filter>
    </ClInclude>
    <ClInclude Include="Actor\Character\Player\PlayerStateButtonBashing.h">
      <Filter>ヘッダー ファイル\Actor\Character\Player</Filter>
    </ClInclude>
    <ClInclude Include="Actor\Character\Player\PlayerStateGuard.h">
      <Filter>ヘッダー ファイル\Actor\Character\Player</Filter>
    </ClInclude>
    <ClInclude Include="Actor\Character\Player\PlayerStateHitAttack.h">
      <Filter>ヘッダー ファイル\Actor\Character\Player</Filter>
    </ClInclude>
    <ClInclude Include="Actor\Character\Player\PlayerStateIdle.h">
      <Filter>ヘッダー ファイル\Actor\Character\Player</Filter>
    </ClInclude>
    <ClInclude Include="Actor\Character\Player\PlayerStateMove.h">
      <Filter>ヘッダー ファイル\Actor\Character\Player</Filter>
    </ClInclude>
    <ClInclude Include="Actor\Character\Player\PlayerStateRush.h">
      <Filter>ヘッダー ファイル\Actor\Character\Player</Filter>
    </ClInclude>
    <ClInclude Include="Actor\Actor.h">
      <Filter>ヘッダー ファイル\Actor</Filter>
    </ClInclude>
    <ClInclude Include="Actor\Character\CharacterBase.h">
      <Filter>ヘッダー ファイル\Actor\Character</Filter>
    </ClInclude>
    <ClInclude Include="Actor\Character\CharacterStateBase.h">
      <Filter>ヘッダー ファイル\Actor\Character</Filter>
    </ClInclude>
    <ClInclude Include="Actor\Character\Enemy\Enemy.h">
      <Filter>ヘッダー ファイル\Actor\Character\Enemy</Filter>
    </ClInclude>
    <ClInclude Include="Actor\StateBase.h">
      <Filter>ヘッダー ファイル\Actor</Filter>
    </ClInclude>
    <ClInclude Include="Actor\Character\Enemy\EnemyStateAttack.h">
      <Filter>ヘッダー ファイル\Actor\Character\Enemy</Filter>
    </ClInclude>
    <ClInclude Include="Actor\Character\Enemy\EnemyStateBase.h">
      <Filter>ヘッダー ファイル\Actor\Character\Enemy</Filter>
    </ClInclude>
    <ClInclude Include="Actor\Character\Enemy\EnemyStateButtonBashing.h">
      <Filter>ヘッダー ファイル\Actor\Character\Enemy</Filter>
    </ClInclude>
    <ClInclude Include="Actor\Character\Enemy\EnemyStateGuard.h">
      <Filter>ヘッダー ファイル\Actor\Character\Enemy</Filter>
    </ClInclude>
    <ClInclude Include="Actor\Character\Enemy\EnemyStateHitAttack.h">
      <Filter>ヘッダー ファイル\Actor\Character\Enemy</Filter>
    </ClInclude>
    <ClInclude Include="Actor\Character\Enemy\EnemyStateIdle.h">
      <Filter>ヘッダー ファイル\Actor\Character\Enemy</Filter>
    </ClInclude>
    <ClInclude Include="Actor\Character\Enemy\EnemyStateMove.h">
      <Filter>ヘッダー ファイル\Actor\Character\Enemy</Filter>
    </ClInclude>
    <ClInclude Include="Actor\Character\Enemy\EnemyStateRush.h">
      <Filter>ヘッダー ファイル\Actor\Character\Enemy</Filter>
    </ClInclude>
    <ClInclude Include="Attack.h">
      <Filter>ヘッダー ファイル</Filter>
    </ClInclude>
    <ClInclude Include="PlayerStateSpecialAttack.h">
      <Filter>ヘッダー ファイル\Actor\Character\Player</Filter>
    </ClInclude>
    <ClInclude Include="Stage.h">
      <Filter>ヘッダー ファイル</Filter>
    </ClInclude>
    <ClInclude Include="PlayerStateJump.h">
      <Filter>ヘッダー ファイル\Actor\Character\Player</Filter>
    </ClInclude>
    <ClInclude Include="GameSceneConstant.h">
      <Filter>ヘッダー ファイル</Filter>
    </ClInclude>
  </ItemGroup>
  <ItemGroup>
    <ResourceCompile Include="MeteorFighters.rc">
      <Filter>リソース ファイル</Filter>
    </ResourceCompile>
  </ItemGroup>
</Project>